
Microsoft Visual Studio Solution File, Format Version 12.00
# Visual Studio Version 17
VisualStudioVersion = 17.14.36310.24 d17.14
MinimumVisualStudioVersion = 10.0.40219.1
Project("{FAE04EC0-301F-11D3-BF4B-00C04F79EFBC}") = "API", "API\API.csproj", "{EDFE95BA-1FBA-49AF-B939-09F9246FEAC4}"
EndProject
Project("{FAE04EC0-301F-11D3-BF4B-00C04F79EFBC}") = "Models", "Models\Models.csproj", "{A85808C5-356C-44FF-8DD5-FE660C7AE778}"
EndProject
Project("{FAE04EC0-301F-11D3-BF4B-00C04F79EFBC}") = "Services", "Services\Services.csproj", "{563773A9-7CC1-4C2C-9773-2AA178F6BF39}"
EndProject
Project("{FAE04EC0-301F-11D3-BF4B-00C04F79EFBC}") = "Repository", "Repository\Repository.csproj", "{828D8CF7-5E12-4071-A31E-17715DA98EB5}"
EndProject
Global
	GlobalSection(SolutionConfigurationPlatforms) = preSolution
		Debug|Any CPU = Debug|Any CPU
		Release|Any CPU = Release|Any CPU
	EndGlobalSection
	GlobalSection(ProjectConfigurationPlatforms) = postSolution
		{EDFE95BA-1FBA-49AF-B939-09F9246FEAC4}.Debug|Any CPU.ActiveCfg = Debug|Any CPU
		{EDFE95BA-1FBA-49AF-B939-09F9246FEAC4}.Debug|Any CPU.Build.0 = Debug|Any CPU
		{EDFE95BA-1FBA-49AF-B939-09F9246FEAC4}.Release|Any CPU.ActiveCfg = Release|Any CPU
		{EDFE95BA-1FBA-49AF-B939-09F9246FEAC4}.Release|Any CPU.Build.0 = Release|Any CPU
		{A85808C5-356C-44FF-8DD5-FE660C7AE778}.Debug|Any CPU.ActiveCfg = Debug|Any CPU
		{A85808C5-356C-44FF-8DD5-FE660C7AE778}.Debug|Any CPU.Build.0 = Debug|Any CPU
		{A85808C5-356C-44FF-8DD5-FE660C7AE778}.Release|Any CPU.ActiveCfg = Release|Any CPU
		{A85808C5-356C-44FF-8DD5-FE660C7AE778}.Release|Any CPU.Build.0 = Release|Any CPU
		{563773A9-7CC1-4C2C-9773-2AA178F6BF39}.Debug|Any CPU.ActiveCfg = Debug|Any CPU
		{563773A9-7CC1-4C2C-9773-2AA178F6BF39}.Debug|Any CPU.Build.0 = Debug|Any CPU
		{563773A9-7CC1-4C2C-9773-2AA178F6BF39}.Release|Any CPU.ActiveCfg = Release|Any CPU
		{563773A9-7CC1-4C2C-9773-2AA178F6BF39}.Release|Any CPU.Build.0 = Release|Any CPU
		{828D8CF7-5E12-4071-A31E-17715DA98EB5}.Debug|Any CPU.ActiveCfg = Debug|Any CPU
		{828D8CF7-5E12-4071-A31E-17715DA98EB5}.Debug|Any CPU.Build.0 = Debug|Any CPU
		{828D8CF7-5E12-4071-A31E-17715DA98EB5}.Release|Any CPU.ActiveCfg = Release|Any CPU
		{828D8CF7-5E12-4071-A31E-17715DA98EB5}.Release|Any CPU.Build.0 = Release|Any CPU
	EndGlobalSection
	GlobalSection(SolutionProperties) = preSolution
		HideSolutionNode = FALSE
	EndGlobalSection
	GlobalSection(ExtensibilityGlobals) = postSolution
		SolutionGuid = {F8184F70-DD74-41B2-8FF8-33E5627B607C}
	EndGlobalSection
EndGlobal
